
Microsoft Visual Studio Solution File, Format Version 12.00
# Visual Studio 14
VisualStudioVersion = 14.0.24720.0
MinimumVisualStudioVersion = 10.0.40219.1
Project("{FAE04EC0-301F-11D3-BF4B-00C04F79EFBC}") = "CodinGame.TheseRomansAreCrazy", "CodinGame.TheseRomansAreCrazy\CodinGame.TheseRomansAreCrazy.csproj", "{3175423E-C944-439C-B4C0-C503AD0EDD11}"
EndProject
Project("{FAE04EC0-301F-11D3-BF4B-00C04F79EFBC}") = "CodinGame.TheseRomansAreCrazy.Tests", "CodinGame.TheseRomansAreCrazy.Tests\CodinGame.TheseRomansAreCrazy.Tests.csproj", "{03AE2746-7995-43A6-8F42-F916B7BA4D04}"
EndProject
Global
	GlobalSection(SolutionConfigurationPlatforms) = preSolution
		Debug|Any CPU = Debug|Any CPU
		Release|Any CPU = Release|Any CPU
	EndGlobalSection
	GlobalSection(ProjectConfigurationPlatforms) = postSolution
		{3175423E-C944-439C-B4C0-C503AD0EDD11}.Debug|Any CPU.ActiveCfg = Debug|Any CPU
		{3175423E-C944-439C-B4C0-C503AD0EDD11}.Debug|Any CPU.Build.0 = Debug|Any CPU
		{3175423E-C944-439C-B4C0-C503AD0EDD11}.Release|Any CPU.ActiveCfg = Release|Any CPU
		{3175423E-C944-439C-B4C0-C503AD0EDD11}.Release|Any CPU.Build.0 = Release|Any CPU
		{03AE2746-7995-43A6-8F42-F916B7BA4D04}.Debug|Any CPU.ActiveCfg = Debug|Any CPU
		{03AE2746-7995-43A6-8F42-F916B7BA4D04}.Debug|Any CPU.Build.0 = Debug|Any CPU
		{03AE2746-7995-43A6-8F42-F916B7BA4D04}.Release|Any CPU.ActiveCfg = Release|Any CPU
		{03AE2746-7995-43A6-8F42-F916B7BA4D04}.Release|Any CPU.Build.0 = Release|Any CPU
	EndGlobalSection
	GlobalSection(SolutionProperties) = preSolution
		HideSolutionNode = FALSE
	EndGlobalSection
EndGlobal
